
Microsoft Visual Studio Solution File, Format Version 12.00
# Visual Studio Version 16
VisualStudioVersion = 16.0.30907.101
MinimumVisualStudioVersion = 10.0.40219.1
Project("{9A19103F-16F7-4668-BE54-9A1E7A4F7556}") = "SeeShellsV2", "SeeShellsV2\SeeShellsV2.csproj", "{60961918-8016-4864-976A-426D5992DD23}"
EndProject
Project("{9A19103F-16F7-4668-BE54-9A1E7A4F7556}") = "SeeShellsV2Tests", "SeeShellsV2Tests\SeeShellsV2Tests.csproj", "{44002F03-312A-423E-840E-4949F9EB922B}"
EndProject
Project("{9A19103F-16F7-4668-BE54-9A1E7A4F7556}") = "Registry", "Registry\Registry.csproj", "{82AF26D1-68E0-4032-8DAF-A35FE1E351CA}"
EndProject
Global
	GlobalSection(SolutionConfigurationPlatforms) = preSolution
		Debug|Any CPU = Debug|Any CPU
		Release|Any CPU = Release|Any CPU
	EndGlobalSection
	GlobalSection(ProjectConfigurationPlatforms) = postSolution
		{60961918-8016-4864-976A-426D5992DD23}.Debug|Any CPU.ActiveCfg = Debug|Any CPU
		{60961918-8016-4864-976A-426D5992DD23}.Debug|Any CPU.Build.0 = Debug|Any CPU
		{60961918-8016-4864-976A-426D5992DD23}.Release|Any CPU.ActiveCfg = Release|Any CPU
		{60961918-8016-4864-976A-426D5992DD23}.Release|Any CPU.Build.0 = Release|Any CPU
		{44002F03-312A-423E-840E-4949F9EB922B}.Debug|Any CPU.ActiveCfg = Debug|Any CPU
		{44002F03-312A-423E-840E-4949F9EB922B}.Debug|Any CPU.Build.0 = Debug|Any CPU
		{44002F03-312A-423E-840E-4949F9EB922B}.Release|Any CPU.ActiveCfg = Release|Any CPU
		{44002F03-312A-423E-840E-4949F9EB922B}.Release|Any CPU.Build.0 = Release|Any CPU
		{82AF26D1-68E0-4032-8DAF-A35FE1E351CA}.Debug|Any CPU.ActiveCfg = Debug|Any CPU
		{82AF26D1-68E0-4032-8DAF-A35FE1E351CA}.Debug|Any CPU.Build.0 = Debug|Any CPU
		{82AF26D1-68E0-4032-8DAF-A35FE1E351CA}.Release|Any CPU.ActiveCfg = Release|Any CPU
		{82AF26D1-68E0-4032-8DAF-A35FE1E351CA}.Release|Any CPU.Build.0 = Release|Any CPU
	EndGlobalSection
	GlobalSection(SolutionProperties) = preSolution
		HideSolutionNode = FALSE
	EndGlobalSection
	GlobalSection(ExtensibilityGlobals) = postSolution
		SolutionGuid = {7243687A-095D-4388-9CB6-D3B56CE9A871}
	EndGlobalSection
EndGlobal
